// !$*UTF8*$!
{
	archiveVersion = 1;
	classes = {
	};
	objectVersion = 48;
	objects = {

/* Begin PBXBuildFile section */
		4FF5037466D82A413A46F8BF /* Pods_My_EHR_My_EHRTests.framework in Frameworks */ = {isa = PBXBuildFile; fileRef = 0FE25E7F61C454F94A098FEE /* Pods_My_EHR_My_EHRTests.framework */; };
		5534257E2044800C002FACCC /* GoogleService-Info.plist in Resources */ = {isa = PBXBuildFile; fileRef = 5534257D2044800B002FACCC /* GoogleService-Info.plist */; };
		5534258220448122002FACCC /* Login.storyboard in Resources */ = {isa = PBXBuildFile; fileRef = 5534258120448122002FACCC /* Login.storyboard */; };
		5534258420448144002FACCC /* LoginViewController.swift in Sources */ = {isa = PBXBuildFile; fileRef = 5534258320448144002FACCC /* LoginViewController.swift */; };
		5534258620448335002FACCC /* Signup.storyboard in Resources */ = {isa = PBXBuildFile; fileRef = 5534258520448335002FACCC /* Signup.storyboard */; };
		5534258920448E2F002FACCC /* UIApplication++.swift in Sources */ = {isa = PBXBuildFile; fileRef = 5534258820448E2F002FACCC /* UIApplication++.swift */; };
		5534258C20448EAA002FACCC /* UIViewController++.swift in Sources */ = {isa = PBXBuildFile; fileRef = 5534258B20448EAA002FACCC /* UIViewController++.swift */; };
		5534258F20449476002FACCC /* CustomActivityIndicator.swift in Sources */ = {isa = PBXBuildFile; fileRef = 5534258E20449476002FACCC /* CustomActivityIndicator.swift */; };
		5534259120449665002FACCC /* SignupViewController.swift in Sources */ = {isa = PBXBuildFile; fileRef = 5534259020449665002FACCC /* SignupViewController.swift */; };
		553425952045BC9C002FACCC /* MainScreen.storyboard in Resources */ = {isa = PBXBuildFile; fileRef = 553425942045BC9C002FACCC /* MainScreen.storyboard */; };
		553425972045BCC4002FACCC /* MainScreenViewController.swift in Sources */ = {isa = PBXBuildFile; fileRef = 553425962045BCC4002FACCC /* MainScreenViewController.swift */; };
		5592DE7A20460ADA00EB1426 /* NewRecord.storyboard in Resources */ = {isa = PBXBuildFile; fileRef = 5592DE7920460ADA00EB1426 /* NewRecord.storyboard */; };
		5592DE7C20460B1700EB1426 /* NewRecordViewController.swift in Sources */ = {isa = PBXBuildFile; fileRef = 5592DE7B20460B1700EB1426 /* NewRecordViewController.swift */; };
		5592DE8120461F2300EB1426 /* HealthRecord.swift in Sources */ = {isa = PBXBuildFile; fileRef = 5592DE8020461F2300EB1426 /* HealthRecord.swift */; };
		55BFCA81204471CB00A9C0B0 /* AppDelegate.swift in Sources */ = {isa = PBXBuildFile; fileRef = 55BFCA80204471CB00A9C0B0 /* AppDelegate.swift */; };
		55BFCA89204471CB00A9C0B0 /* My_EHR.xcdatamodeld in Sources */ = {isa = PBXBuildFile; fileRef = 55BFCA87204471CB00A9C0B0 /* My_EHR.xcdatamodeld */; };
		55BFCA8B204471CB00A9C0B0 /* Assets.xcassets in Resources */ = {isa = PBXBuildFile; fileRef = 55BFCA8A204471CB00A9C0B0 /* Assets.xcassets */; };
		55BFCA8E204471CB00A9C0B0 /* LaunchScreen.storyboard in Resources */ = {isa = PBXBuildFile; fileRef = 55BFCA8C204471CB00A9C0B0 /* LaunchScreen.storyboard */; };
		55BFCA99204471CB00A9C0B0 /* My_EHRTests.swift in Sources */ = {isa = PBXBuildFile; fileRef = 55BFCA98204471CB00A9C0B0 /* My_EHRTests.swift */; };
		55BFCAA4204471CB00A9C0B0 /* My_EHRUITests.swift in Sources */ = {isa = PBXBuildFile; fileRef = 55BFCAA3204471CB00A9C0B0 /* My_EHRUITests.swift */; };
		894F10F5E0C2BF69C7BAAFB3 /* Pods_My_EHR_My_EHRUITests.framework in Frameworks */ = {isa = PBXBuildFile; fileRef = B621CFFB253B9ED4BB1034D0 /* Pods_My_EHR_My_EHRUITests.framework */; };
		DE00B2D5EDEF7723A63647BA /* Pods_My_EHR.framework in Frameworks */ = {isa = PBXBuildFile; fileRef = FA36B8446FE666E21E26A6DE /* Pods_My_EHR.framework */; };
/* End PBXBuildFile section */

/* Begin PBXContainerItemProxy section */
		55BFCA95204471CB00A9C0B0 /* PBXContainerItemProxy */ = {
			isa = PBXContainerItemProxy;
			containerPortal = 55BFCA75204471CB00A9C0B0 /* Project object */;
			proxyType = 1;
			remoteGlobalIDString = 55BFCA7C204471CB00A9C0B0;
			remoteInfo = "My EHR";
		};
		55BFCAA0204471CB00A9C0B0 /* PBXContainerItemProxy */ = {
			isa = PBXContainerItemProxy;
			containerPortal = 55BFCA75204471CB00A9C0B0 /* Project object */;
			proxyType = 1;
			remoteGlobalIDString = 55BFCA7C204471CB00A9C0B0;
			remoteInfo = "My EHR";
		};
/* End PBXContainerItemProxy section */

/* Begin PBXFileReference section */
		0ADAB3B7D05BA5911A912DAF /* Pods-My EHR-My EHRUITests.debug.xcconfig */ = {isa = PBXFileReference; includeInIndex = 1; lastKnownFileType = text.xcconfig; name = "Pods-My EHR-My EHRUITests.debug.xcconfig"; path = "Pods/Target Support Files/Pods-My EHR-My EHRUITests/Pods-My EHR-My EHRUITests.debug.xcconfig"; sourceTree = "<group>"; };
		0B9E49E09BBCF40060E0CEF6 /* Pods-My EHR-My EHRTests.debug.xcconfig */ = {isa = PBXFileReference; includeInIndex = 1; lastKnownFileType = text.xcconfig; name = "Pods-My EHR-My EHRTests.debug.xcconfig"; path = "Pods/Target Support Files/Pods-My EHR-My EHRTests/Pods-My EHR-My EHRTests.debug.xcconfig"; sourceTree = "<group>"; };
		0FE25E7F61C454F94A098FEE /* Pods_My_EHR_My_EHRTests.framework */ = {isa = PBXFileReference; explicitFileType = wrapper.framework; includeInIndex = 0; path = Pods_My_EHR_My_EHRTests.framework; sourceTree = BUILT_PRODUCTS_DIR; };
		48FD4EFBB219D18BC83D311E /* Pods-My EHR-My EHRUITests.release.xcconfig */ = {isa = PBXFileReference; includeInIndex = 1; lastKnownFileType = text.xcconfig; name = "Pods-My EHR-My EHRUITests.release.xcconfig"; path = "Pods/Target Support Files/Pods-My EHR-My EHRUITests/Pods-My EHR-My EHRUITests.release.xcconfig"; sourceTree = "<group>"; };
		5534257D2044800B002FACCC /* GoogleService-Info.plist */ = {isa = PBXFileReference; fileEncoding = 4; lastKnownFileType = text.plist.xml; path = "GoogleService-Info.plist"; sourceTree = "<group>"; };
		5534258120448122002FACCC /* Login.storyboard */ = {isa = PBXFileReference; lastKnownFileType = file.storyboard; path = Login.storyboard; sourceTree = "<group>"; };
		5534258320448144002FACCC /* LoginViewController.swift */ = {isa = PBXFileReference; lastKnownFileType = sourcecode.swift; path = LoginViewController.swift; sourceTree = "<group>"; };
		5534258520448335002FACCC /* Signup.storyboard */ = {isa = PBXFileReference; lastKnownFileType = file.storyboard; path = Signup.storyboard; sourceTree = "<group>"; };
		5534258820448E2F002FACCC /* UIApplication++.swift */ = {isa = PBXFileReference; lastKnownFileType = sourcecode.swift; path = "UIApplication++.swift"; sourceTree = "<group>"; };
		5534258B20448EAA002FACCC /* UIViewController++.swift */ = {isa = PBXFileReference; lastKnownFileType = sourcecode.swift; path = "UIViewController++.swift"; sourceTree = "<group>"; };
		5534258E20449476002FACCC /* CustomActivityIndicator.swift */ = {isa = PBXFileReference; lastKnownFileType = sourcecode.swift; path = CustomActivityIndicator.swift; sourceTree = "<group>"; };
		5534259020449665002FACCC /* SignupViewController.swift */ = {isa = PBXFileReference; lastKnownFileType = sourcecode.swift; path = SignupViewController.swift; sourceTree = "<group>"; };
		553425942045BC9C002FACCC /* MainScreen.storyboard */ = {isa = PBXFileReference; lastKnownFileType = file.storyboard; path = MainScreen.storyboard; sourceTree = "<group>"; };
		553425962045BCC4002FACCC /* MainScreenViewController.swift */ = {isa = PBXFileReference; lastKnownFileType = sourcecode.swift; path = MainScreenViewController.swift; sourceTree = "<group>"; };
		5592DE7920460ADA00EB1426 /* NewRecord.storyboard */ = {isa = PBXFileReference; lastKnownFileType = file.storyboard; path = NewRecord.storyboard; sourceTree = "<group>"; };
		5592DE7B20460B1700EB1426 /* NewRecordViewController.swift */ = {isa = PBXFileReference; lastKnownFileType = sourcecode.swift; path = NewRecordViewController.swift; sourceTree = "<group>"; };
		5592DE8020461F2300EB1426 /* HealthRecord.swift */ = {isa = PBXFileReference; lastKnownFileType = sourcecode.swift; path = HealthRecord.swift; sourceTree = "<group>"; };
		55BFCA7D204471CB00A9C0B0 /* My EHR.app */ = {isa = PBXFileReference; explicitFileType = wrapper.application; includeInIndex = 0; path = "My EHR.app"; sourceTree = BUILT_PRODUCTS_DIR; };
		55BFCA80204471CB00A9C0B0 /* AppDelegate.swift */ = {isa = PBXFileReference; lastKnownFileType = sourcecode.swift; path = AppDelegate.swift; sourceTree = "<group>"; };
		55BFCA88204471CB00A9C0B0 /* My_EHR.xcdatamodel */ = {isa = PBXFileReference; lastKnownFileType = wrapper.xcdatamodel; path = My_EHR.xcdatamodel; sourceTree = "<group>"; };
		55BFCA8A204471CB00A9C0B0 /* Assets.xcassets */ = {isa = PBXFileReference; lastKnownFileType = folder.assetcatalog; path = Assets.xcassets; sourceTree = "<group>"; };
		55BFCA8D204471CB00A9C0B0 /* Base */ = {isa = PBXFileReference; lastKnownFileType = file.storyboard; name = Base; path = Base.lproj/LaunchScreen.storyboard; sourceTree = "<group>"; };
		55BFCA8F204471CB00A9C0B0 /* Info.plist */ = {isa = PBXFileReference; lastKnownFileType = text.plist.xml; path = Info.plist; sourceTree = "<group>"; };
		55BFCA94204471CB00A9C0B0 /* My EHRTests.xctest */ = {isa = PBXFileReference; explicitFileType = wrapper.cfbundle; includeInIndex = 0; path = "My EHRTests.xctest"; sourceTree = BUILT_PRODUCTS_DIR; };
		55BFCA98204471CB00A9C0B0 /* My_EHRTests.swift */ = {isa = PBXFileReference; lastKnownFileType = sourcecode.swift; path = My_EHRTests.swift; sourceTree = "<group>"; };
		55BFCA9A204471CB00A9C0B0 /* Info.plist */ = {isa = PBXFileReference; lastKnownFileType = text.plist.xml; path = Info.plist; sourceTree = "<group>"; };
		55BFCA9F204471CB00A9C0B0 /* My EHRUITests.xctest */ = {isa = PBXFileReference; explicitFileType = wrapper.cfbundle; includeInIndex = 0; path = "My EHRUITests.xctest"; sourceTree = BUILT_PRODUCTS_DIR; };
		55BFCAA3204471CB00A9C0B0 /* My_EHRUITests.swift */ = {isa = PBXFileReference; lastKnownFileType = sourcecode.swift; path = My_EHRUITests.swift; sourceTree = "<group>"; };
		55BFCAA5204471CB00A9C0B0 /* Info.plist */ = {isa = PBXFileReference; lastKnownFileType = text.plist.xml; path = Info.plist; sourceTree = "<group>"; };
		9809E5E630EFDD33AB2BCFE8 /* Pods-My EHR.release.xcconfig */ = {isa = PBXFileReference; includeInIndex = 1; lastKnownFileType = text.xcconfig; name = "Pods-My EHR.release.xcconfig"; path = "Pods/Target Support Files/Pods-My EHR/Pods-My EHR.release.xcconfig"; sourceTree = "<group>"; };
		B621CFFB253B9ED4BB1034D0 /* Pods_My_EHR_My_EHRUITests.framework */ = {isa = PBXFileReference; explicitFileType = wrapper.framework; includeInIndex = 0; path = Pods_My_EHR_My_EHRUITests.framework; sourceTree = BUILT_PRODUCTS_DIR; };
		BE9AB5E87B17244418E34F02 /* Pods-My EHR-My EHRTests.release.xcconfig */ = {isa = PBXFileReference; includeInIndex = 1; lastKnownFileType = text.xcconfig; name = "Pods-My EHR-My EHRTests.release.xcconfig"; path = "Pods/Target Support Files/Pods-My EHR-My EHRTests/Pods-My EHR-My EHRTests.release.xcconfig"; sourceTree = "<group>"; };
		E7268EE9503347237328617A /* Pods-My EHR.debug.xcconfig */ = {isa = PBXFileReference; includeInIndex = 1; lastKnownFileType = text.xcconfig; name = "Pods-My EHR.debug.xcconfig"; path = "Pods/Target Support Files/Pods-My EHR/Pods-My EHR.debug.xcconfig"; sourceTree = "<group>"; };
		FA36B8446FE666E21E26A6DE /* Pods_My_EHR.framework */ = {isa = PBXFileReference; explicitFileType = wrapper.framework; includeInIndex = 0; path = Pods_My_EHR.framework; sourceTree = BUILT_PRODUCTS_DIR; };
/* End PBXFileReference section */

/* Begin PBXFrameworksBuildPhase section */
		55BFCA7A204471CB00A9C0B0 /* Frameworks */ = {
			isa = PBXFrameworksBuildPhase;
			buildActionMask = 2147483647;
			files = (
				DE00B2D5EDEF7723A63647BA /* Pods_My_EHR.framework in Frameworks */,
			);
			runOnlyForDeploymentPostprocessing = 0;
		};
		55BFCA91204471CB00A9C0B0 /* Frameworks */ = {
			isa = PBXFrameworksBuildPhase;
			buildActionMask = 2147483647;
			files = (
				4FF5037466D82A413A46F8BF /* Pods_My_EHR_My_EHRTests.framework in Frameworks */,
			);
			runOnlyForDeploymentPostprocessing = 0;
		};
		55BFCA9C204471CB00A9C0B0 /* Frameworks */ = {
			isa = PBXFrameworksBuildPhase;
			buildActionMask = 2147483647;
			files = (
				894F10F5E0C2BF69C7BAAFB3 /* Pods_My_EHR_My_EHRUITests.framework in Frameworks */,
			);
			runOnlyForDeploymentPostprocessing = 0;
		};
/* End PBXFrameworksBuildPhase section */

/* Begin PBXGroup section */
		5220932586872F9C1A91DC15 /* Pods */ = {
			isa = PBXGroup;
			children = (
				E7268EE9503347237328617A /* Pods-My EHR.debug.xcconfig */,
				9809E5E630EFDD33AB2BCFE8 /* Pods-My EHR.release.xcconfig */,
				0B9E49E09BBCF40060E0CEF6 /* Pods-My EHR-My EHRTests.debug.xcconfig */,
				BE9AB5E87B17244418E34F02 /* Pods-My EHR-My EHRTests.release.xcconfig */,
				0ADAB3B7D05BA5911A912DAF /* Pods-My EHR-My EHRUITests.debug.xcconfig */,
				48FD4EFBB219D18BC83D311E /* Pods-My EHR-My EHRUITests.release.xcconfig */,
			);
			name = Pods;
			sourceTree = "<group>";
		};
		53BAFE6FF3D76CA0380C4E18 /* Frameworks */ = {
			isa = PBXGroup;
			children = (
				FA36B8446FE666E21E26A6DE /* Pods_My_EHR.framework */,
				0FE25E7F61C454F94A098FEE /* Pods_My_EHR_My_EHRTests.framework */,
				B621CFFB253B9ED4BB1034D0 /* Pods_My_EHR_My_EHRUITests.framework */,
			);
			name = Frameworks;
			sourceTree = "<group>";
		};
		5534257F20448103002FACCC /* ViewControllers */ = {
			isa = PBXGroup;
			children = (
				5534258320448144002FACCC /* LoginViewController.swift */,
				5534259020449665002FACCC /* SignupViewController.swift */,
				553425962045BCC4002FACCC /* MainScreenViewController.swift */,
				5592DE7B20460B1700EB1426 /* NewRecordViewController.swift */,
			);
			path = ViewControllers;
			sourceTree = "<group>";
		};
		553425802044810F002FACCC /* Storyboards */ = {
			isa = PBXGroup;
			children = (
				5534258120448122002FACCC /* Login.storyboard */,
				5534258520448335002FACCC /* Signup.storyboard */,
				553425942045BC9C002FACCC /* MainScreen.storyboard */,
				5592DE7920460ADA00EB1426 /* NewRecord.storyboard */,
			);
			path = Storyboards;
			sourceTree = "<group>";
		};
		5534258720448E13002FACCC /* Extensions */ = {
			isa = PBXGroup;
			children = (
				5534258820448E2F002FACCC /* UIApplication++.swift */,
				5534258B20448EAA002FACCC /* UIViewController++.swift */,
			);
			path = Extensions;
			sourceTree = "<group>";
		};
		5534258D20449453002FACCC /* Wrappers */ = {
			isa = PBXGroup;
			children = (
				5534258E20449476002FACCC /* CustomActivityIndicator.swift */,
			);
			path = Wrappers;
			sourceTree = "<group>";
		};
		5592DE7F20461F0C00EB1426 /* Structs */ = {
			isa = PBXGroup;
			children = (
				5592DE8020461F2300EB1426 /* HealthRecord.swift */,
			);
			path = Structs;
			sourceTree = "<group>";
		};
		55BFCA74204471CB00A9C0B0 = {
			isa = PBXGroup;
			children = (
				55BFCA7F204471CB00A9C0B0 /* My EHR */,
				55BFCA97204471CB00A9C0B0 /* My EHRTests */,
				55BFCAA2204471CB00A9C0B0 /* My EHRUITests */,
				55BFCA7E204471CB00A9C0B0 /* Products */,
				5220932586872F9C1A91DC15 /* Pods */,
				53BAFE6FF3D76CA0380C4E18 /* Frameworks */,
			);
			sourceTree = "<group>";
		};
		55BFCA7E204471CB00A9C0B0 /* Products */ = {
			isa = PBXGroup;
			children = (
				55BFCA7D204471CB00A9C0B0 /* My EHR.app */,
				55BFCA94204471CB00A9C0B0 /* My EHRTests.xctest */,
				55BFCA9F204471CB00A9C0B0 /* My EHRUITests.xctest */,
			);
			name = Products;
			sourceTree = "<group>";
		};
		55BFCA7F204471CB00A9C0B0 /* My EHR */ = {
			isa = PBXGroup;
			children = (
				5592DE7F20461F0C00EB1426 /* Structs */,
				5534258D20449453002FACCC /* Wrappers */,
				5534258720448E13002FACCC /* Extensions */,
				5534257F20448103002FACCC /* ViewControllers */,
				553425802044810F002FACCC /* Storyboards */,
				55BFCA80204471CB00A9C0B0 /* AppDelegate.swift */,
				55BFCA8A204471CB00A9C0B0 /* Assets.xcassets */,
				55BFCA8C204471CB00A9C0B0 /* LaunchScreen.storyboard */,
				55BFCA8F204471CB00A9C0B0 /* Info.plist */,
				5534257D2044800B002FACCC /* GoogleService-Info.plist */,
				55BFCA87204471CB00A9C0B0 /* My_EHR.xcdatamodeld */,
			);
			path = "My EHR";
			sourceTree = "<group>";
		};
		55BFCA97204471CB00A9C0B0 /* My EHRTests */ = {
			isa = PBXGroup;
			children = (
				55BFCA98204471CB00A9C0B0 /* My_EHRTests.swift */,
				55BFCA9A204471CB00A9C0B0 /* Info.plist */,
			);
			path = "My EHRTests";
			sourceTree = "<group>";
		};
		55BFCAA2204471CB00A9C0B0 /* My EHRUITests */ = {
			isa = PBXGroup;
			children = (
				55BFCAA3204471CB00A9C0B0 /* My_EHRUITests.swift */,
				55BFCAA5204471CB00A9C0B0 /* Info.plist */,
			);
			path = "My EHRUITests";
			sourceTree = "<group>";
		};
/* End PBXGroup section */

/* Begin PBXNativeTarget section */
		55BFCA7C204471CB00A9C0B0 /* My EHR */ = {
			isa = PBXNativeTarget;
			buildConfigurationList = 55BFCAA8204471CB00A9C0B0 /* Build configuration list for PBXNativeTarget "My EHR" */;
			buildPhases = (
				FEF5D945A912226ACFEF6034 /* [CP] Check Pods Manifest.lock */,
				55BFCA79204471CB00A9C0B0 /* Sources */,
				55BFCA7A204471CB00A9C0B0 /* Frameworks */,
				55BFCA7B204471CB00A9C0B0 /* Resources */,
				B0B6571A209BD7898E5F12B9 /* [CP] Embed Pods Frameworks */,
				E656F8E2EE9B62C6B87FE2C0 /* [CP] Copy Pods Resources */,
			);
			buildRules = (
			);
			dependencies = (
			);
			name = "My EHR";
			productName = "My EHR";
			productReference = 55BFCA7D204471CB00A9C0B0 /* My EHR.app */;
			productType = "com.apple.product-type.application";
		};
		55BFCA93204471CB00A9C0B0 /* My EHRTests */ = {
			isa = PBXNativeTarget;
			buildConfigurationList = 55BFCAAB204471CB00A9C0B0 /* Build configuration list for PBXNativeTarget "My EHRTests" */;
			buildPhases = (
				B4B6E00B776C8BCFDBC98985 /* [CP] Check Pods Manifest.lock */,
				55BFCA90204471CB00A9C0B0 /* Sources */,
				55BFCA91204471CB00A9C0B0 /* Frameworks */,
				55BFCA92204471CB00A9C0B0 /* Resources */,
				836CC9AE00911A2167EB56AF /* [CP] Embed Pods Frameworks */,
				1AC2B24FD379B2CF6CB1E938 /* [CP] Copy Pods Resources */,
			);
			buildRules = (
			);
			dependencies = (
				55BFCA96204471CB00A9C0B0 /* PBXTargetDependency */,
			);
			name = "My EHRTests";
			productName = "My EHRTests";
			productReference = 55BFCA94204471CB00A9C0B0 /* My EHRTests.xctest */;
			productType = "com.apple.product-type.bundle.unit-test";
		};
		55BFCA9E204471CB00A9C0B0 /* My EHRUITests */ = {
			isa = PBXNativeTarget;
			buildConfigurationList = 55BFCAAE204471CB00A9C0B0 /* Build configuration list for PBXNativeTarget "My EHRUITests" */;
			buildPhases = (
				443C9FB8F5DAFF08863D29BB /* [CP] Check Pods Manifest.lock */,
				55BFCA9B204471CB00A9C0B0 /* Sources */,
				55BFCA9C204471CB00A9C0B0 /* Frameworks */,
				55BFCA9D204471CB00A9C0B0 /* Resources */,
				8DE17A7DDA52023CE7DAEA58 /* [CP] Embed Pods Frameworks */,
				720FA8767F7FE38151874C3B /* [CP] Copy Pods Resources */,
			);
			buildRules = (
			);
			dependencies = (
				55BFCAA1204471CB00A9C0B0 /* PBXTargetDependency */,
			);
			name = "My EHRUITests";
			productName = "My EHRUITests";
			productReference = 55BFCA9F204471CB00A9C0B0 /* My EHRUITests.xctest */;
			productType = "com.apple.product-type.bundle.ui-testing";
		};
/* End PBXNativeTarget section */

/* Begin PBXProject section */
		55BFCA75204471CB00A9C0B0 /* Project object */ = {
			isa = PBXProject;
			attributes = {
				LastSwiftUpdateCheck = 0920;
				LastUpgradeCheck = 0920;
				ORGANIZATIONNAME = "High Tree Development";
				TargetAttributes = {
					55BFCA7C204471CB00A9C0B0 = {
						CreatedOnToolsVersion = 9.2;
						ProvisioningStyle = Automatic;
					};
					55BFCA93204471CB00A9C0B0 = {
						CreatedOnToolsVersion = 9.2;
						ProvisioningStyle = Automatic;
						TestTargetID = 55BFCA7C204471CB00A9C0B0;
					};
					55BFCA9E204471CB00A9C0B0 = {
						CreatedOnToolsVersion = 9.2;
						ProvisioningStyle = Automatic;
						TestTargetID = 55BFCA7C204471CB00A9C0B0;
					};
				};
			};
			buildConfigurationList = 55BFCA78204471CB00A9C0B0 /* Build configuration list for PBXProject "My EHR" */;
			compatibilityVersion = "Xcode 8.0";
			developmentRegion = en;
			hasScannedForEncodings = 0;
			knownRegions = (
				en,
				Base,
			);
			mainGroup = 55BFCA74204471CB00A9C0B0;
			productRefGroup = 55BFCA7E204471CB00A9C0B0 /* Products */;
			projectDirPath = "";
			projectRoot = "";
			targets = (
				55BFCA7C204471CB00A9C0B0 /* My EHR */,
				55BFCA93204471CB00A9C0B0 /* My EHRTests */,
				55BFCA9E204471CB00A9C0B0 /* My EHRUITests */,
			);
		};
/* End PBXProject section */

/* Begin PBXResourcesBuildPhase section */
		55BFCA7B204471CB00A9C0B0 /* Resources */ = {
			isa = PBXResourcesBuildPhase;
			buildActionMask = 2147483647;
			files = (
				5534258220448122002FACCC /* Login.storyboard in Resources */,
				55BFCA8E204471CB00A9C0B0 /* LaunchScreen.storyboard in Resources */,
				5534257E2044800C002FACCC /* GoogleService-Info.plist in Resources */,
				5592DE7A20460ADA00EB1426 /* NewRecord.storyboard in Resources */,
				5534258620448335002FACCC /* Signup.storyboard in Resources */,
				55BFCA8B204471CB00A9C0B0 /* Assets.xcassets in Resources */,
				553425952045BC9C002FACCC /* MainScreen.storyboard in Resources */,
			);
			runOnlyForDeploymentPostprocessing = 0;
		};
		55BFCA92204471CB00A9C0B0 /* Resources */ = {
			isa = PBXResourcesBuildPhase;
			buildActionMask = 2147483647;
			files = (
			);
			runOnlyForDeploymentPostprocessing = 0;
		};
		55BFCA9D204471CB00A9C0B0 /* Resources */ = {
			isa = PBXResourcesBuildPhase;
			buildActionMask = 2147483647;
			files = (
			);
			runOnlyForDeploymentPostprocessing = 0;
		};
/* End PBXResourcesBuildPhase section */

/* Begin PBXShellScriptBuildPhase section */
		1AC2B24FD379B2CF6CB1E938 /* [CP] Copy Pods Resources */ = {
			isa = PBXShellScriptBuildPhase;
			buildActionMask = 2147483647;
			files = (
			);
			inputPaths = (
			);
			name = "[CP] Copy Pods Resources";
			outputPaths = (
			);
			runOnlyForDeploymentPostprocessing = 0;
			shellPath = /bin/sh;
			shellScript = "\"${SRCROOT}/Pods/Target Support Files/Pods-My EHR-My EHRTests/Pods-My EHR-My EHRTests-resources.sh\"\n";
			showEnvVarsInLog = 0;
		};
		443C9FB8F5DAFF08863D29BB /* [CP] Check Pods Manifest.lock */ = {
			isa = PBXShellScriptBuildPhase;
			buildActionMask = 2147483647;
			files = (
			);
			inputPaths = (
				"${PODS_PODFILE_DIR_PATH}/Podfile.lock",
				"${PODS_ROOT}/Manifest.lock",
			);
			name = "[CP] Check Pods Manifest.lock";
			outputPaths = (
				"$(DERIVED_FILE_DIR)/Pods-My EHR-My EHRUITests-checkManifestLockResult.txt",
			);
			runOnlyForDeploymentPostprocessing = 0;
			shellPath = /bin/sh;
			shellScript = "diff \"${PODS_PODFILE_DIR_PATH}/Podfile.lock\" \"${PODS_ROOT}/Manifest.lock\" > /dev/null\nif [ $? != 0 ] ; then\n    # print error to STDERR\n    echo \"error: The sandbox is not in sync with the Podfile.lock. Run 'pod install' or update your CocoaPods installation.\" >&2\n    exit 1\nfi\n# This output is used by Xcode 'outputs' to avoid re-running this script phase.\necho \"SUCCESS\" > \"${SCRIPT_OUTPUT_FILE_0}\"\n";
			showEnvVarsInLog = 0;
		};
		720FA8767F7FE38151874C3B /* [CP] Copy Pods Resources */ = {
			isa = PBXShellScriptBuildPhase;
			buildActionMask = 2147483647;
			files = (
			);
			inputPaths = (
			);
			name = "[CP] Copy Pods Resources";
			outputPaths = (
			);
			runOnlyForDeploymentPostprocessing = 0;
			shellPath = /bin/sh;
			shellScript = "\"${SRCROOT}/Pods/Target Support Files/Pods-My EHR-My EHRUITests/Pods-My EHR-My EHRUITests-resources.sh\"\n";
			showEnvVarsInLog = 0;
		};
		836CC9AE00911A2167EB56AF /* [CP] Embed Pods Frameworks */ = {
			isa = PBXShellScriptBuildPhase;
			buildActionMask = 2147483647;
			files = (
			);
			inputPaths = (
				"${SRCROOT}/Pods/Target Support Files/Pods-My EHR-My EHRTests/Pods-My EHR-My EHRTests-frameworks.sh",
				"${BUILT_PRODUCTS_DIR}/Alamofire/Alamofire.framework",
				"${BUILT_PRODUCTS_DIR}/GTMSessionFetcher/GTMSessionFetcher.framework",
				"${BUILT_PRODUCTS_DIR}/GoogleToolboxForMac/GoogleToolboxForMac.framework",
				"${BUILT_PRODUCTS_DIR}/SwiftForms/SwiftForms.framework",
				"${BUILT_PRODUCTS_DIR}/SwiftyJSON/SwiftyJSON.framework",
				"${BUILT_PRODUCTS_DIR}/leveldb-library/leveldb.framework",
				"${BUILT_PRODUCTS_DIR}/nanopb/nanopb.framework",
			);
			name = "[CP] Embed Pods Frameworks";
			outputPaths = (
				"${TARGET_BUILD_DIR}/${FRAMEWORKS_FOLDER_PATH}/Alamofire.framework",
				"${TARGET_BUILD_DIR}/${FRAMEWORKS_FOLDER_PATH}/GTMSessionFetcher.framework",
				"${TARGET_BUILD_DIR}/${FRAMEWORKS_FOLDER_PATH}/GoogleToolboxForMac.framework",
				"${TARGET_BUILD_DIR}/${FRAMEWORKS_FOLDER_PATH}/SwiftForms.framework",
				"${TARGET_BUILD_DIR}/${FRAMEWORKS_FOLDER_PATH}/SwiftyJSON.framework",
				"${TARGET_BUILD_DIR}/${FRAMEWORKS_FOLDER_PATH}/leveldb.framework",
				"${TARGET_BUILD_DIR}/${FRAMEWORKS_FOLDER_PATH}/nanopb.framework",
			);
			runOnlyForDeploymentPostprocessing = 0;
			shellPath = /bin/sh;
			shellScript = "\"${SRCROOT}/Pods/Target Support Files/Pods-My EHR-My EHRTests/Pods-My EHR-My EHRTests-frameworks.sh\"\n";
			showEnvVarsInLog = 0;
		};
		8DE17A7DDA52023CE7DAEA58 /* [CP] Embed Pods Frameworks */ = {
			isa = PBXShellScriptBuildPhase;
			buildActionMask = 2147483647;
			files = (
			);
			inputPaths = (
				"${SRCROOT}/Pods/Target Support Files/Pods-My EHR-My EHRUITests/Pods-My EHR-My EHRUITests-frameworks.sh",
				"${BUILT_PRODUCTS_DIR}/Alamofire/Alamofire.framework",
				"${BUILT_PRODUCTS_DIR}/GTMSessionFetcher/GTMSessionFetcher.framework",
				"${BUILT_PRODUCTS_DIR}/GoogleToolboxForMac/GoogleToolboxForMac.framework",
				"${BUILT_PRODUCTS_DIR}/SwiftForms/SwiftForms.framework",
				"${BUILT_PRODUCTS_DIR}/SwiftyJSON/SwiftyJSON.framework",
				"${BUILT_PRODUCTS_DIR}/leveldb-library/leveldb.framework",
				"${BUILT_PRODUCTS_DIR}/nanopb/nanopb.framework",
			);
			name = "[CP] Embed Pods Frameworks";
			outputPaths = (
				"${TARGET_BUILD_DIR}/${FRAMEWORKS_FOLDER_PATH}/Alamofire.framework",
				"${TARGET_BUILD_DIR}/${FRAMEWORKS_FOLDER_PATH}/GTMSessionFetcher.framework",
				"${TARGET_BUILD_DIR}/${FRAMEWORKS_FOLDER_PATH}/GoogleToolboxForMac.framework",
				"${TARGET_BUILD_DIR}/${FRAMEWORKS_FOLDER_PATH}/SwiftForms.framework",
				"${TARGET_BUILD_DIR}/${FRAMEWORKS_FOLDER_PATH}/SwiftyJSON.framework",
				"${TARGET_BUILD_DIR}/${FRAMEWORKS_FOLDER_PATH}/leveldb.framework",
				"${TARGET_BUILD_DIR}/${FRAMEWORKS_FOLDER_PATH}/nanopb.framework",
			);
			runOnlyForDeploymentPostprocessing = 0;
			shellPath = /bin/sh;
			shellScript = "\"${SRCROOT}/Pods/Target Support Files/Pods-My EHR-My EHRUITests/Pods-My EHR-My EHRUITests-frameworks.sh\"\n";
			showEnvVarsInLog = 0;
		};
		B0B6571A209BD7898E5F12B9 /* [CP] Embed Pods Frameworks */ = {
			isa = PBXShellScriptBuildPhase;
			buildActionMask = 2147483647;
			files = (
			);
			inputPaths = (
				"${SRCROOT}/Pods/Target Support Files/Pods-My EHR/Pods-My EHR-frameworks.sh",
				"${BUILT_PRODUCTS_DIR}/Alamofire/Alamofire.framework",
				"${BUILT_PRODUCTS_DIR}/GTMSessionFetcher/GTMSessionFetcher.framework",
				"${BUILT_PRODUCTS_DIR}/GoogleToolboxForMac/GoogleToolboxForMac.framework",
				"${BUILT_PRODUCTS_DIR}/SwiftForms/SwiftForms.framework",
				"${BUILT_PRODUCTS_DIR}/SwiftyJSON/SwiftyJSON.framework",
				"${BUILT_PRODUCTS_DIR}/leveldb-library/leveldb.framework",
				"${BUILT_PRODUCTS_DIR}/nanopb/nanopb.framework",
			);
			name = "[CP] Embed Pods Frameworks";
			outputPaths = (
				"${TARGET_BUILD_DIR}/${FRAMEWORKS_FOLDER_PATH}/Alamofire.framework",
				"${TARGET_BUILD_DIR}/${FRAMEWORKS_FOLDER_PATH}/GTMSessionFetcher.framework",
				"${TARGET_BUILD_DIR}/${FRAMEWORKS_FOLDER_PATH}/GoogleToolboxForMac.framework",
				"${TARGET_BUILD_DIR}/${FRAMEWORKS_FOLDER_PATH}/SwiftForms.framework",
				"${TARGET_BUILD_DIR}/${FRAMEWORKS_FOLDER_PATH}/SwiftyJSON.framework",
				"${TARGET_BUILD_DIR}/${FRAMEWORKS_FOLDER_PATH}/leveldb.framework",
				"${TARGET_BUILD_DIR}/${FRAMEWORKS_FOLDER_PATH}/nanopb.framework",
			);
			runOnlyForDeploymentPostprocessing = 0;
			shellPath = /bin/sh;
			shellScript = "\"${SRCROOT}/Pods/Target Support Files/Pods-My EHR/Pods-My EHR-frameworks.sh\"\n";
			showEnvVarsInLog = 0;
		};
		B4B6E00B776C8BCFDBC98985 /* [CP] Check Pods Manifest.lock */ = {
			isa = PBXShellScriptBuildPhase;
			buildActionMask = 2147483647;
			files = (
			);
			inputPaths = (
				"${PODS_PODFILE_DIR_PATH}/Podfile.lock",
				"${PODS_ROOT}/Manifest.lock",
			);
			name = "[CP] Check Pods Manifest.lock";
			outputPaths = (
				"$(DERIVED_FILE_DIR)/Pods-My EHR-My EHRTests-checkManifestLockResult.txt",
			);
			runOnlyForDeploymentPostprocessing = 0;
			shellPath = /bin/sh;
			shellScript = "diff \"${PODS_PODFILE_DIR_PATH}/Podfile.lock\" \"${PODS_ROOT}/Manifest.lock\" > /dev/null\nif [ $? != 0 ] ; then\n    # print error to STDERR\n    echo \"error: The sandbox is not in sync with the Podfile.lock. Run 'pod install' or update your CocoaPods installation.\" >&2\n    exit 1\nfi\n# This output is used by Xcode 'outputs' to avoid re-running this script phase.\necho \"SUCCESS\" > \"${SCRIPT_OUTPUT_FILE_0}\"\n";
			showEnvVarsInLog = 0;
		};
		E656F8E2EE9B62C6B87FE2C0 /* [CP] Copy Pods Resources */ = {
			isa = PBXShellScriptBuildPhase;
			buildActionMask = 2147483647;
			files = (
			);
			inputPaths = (
			);
			name = "[CP] Copy Pods Resources";
			outputPaths = (
			);
			runOnlyForDeploymentPostprocessing = 0;
			shellPath = /bin/sh;
			shellScript = "\"${SRCROOT}/Pods/Target Support Files/Pods-My EHR/Pods-My EHR-resources.sh\"\n";
			showEnvVarsInLog = 0;
		};
		FEF5D945A912226ACFEF6034 /* [CP] Check Pods Manifest.lock */ = {
			isa = PBXShellScriptBuildPhase;
			buildActionMask = 2147483647;
			files = (
			);
			inputPaths = (
				"${PODS_PODFILE_DIR_PATH}/Podfile.lock",
				"${PODS_ROOT}/Manifest.lock",
			);
			name = "[CP] Check Pods Manifest.lock";
			outputPaths = (
				"$(DERIVED_FILE_DIR)/Pods-My EHR-checkManifestLockResult.txt",
			);
			runOnlyForDeploymentPostprocessing = 0;
			shellPath = /bin/sh;
			shellScript = "diff \"${PODS_PODFILE_DIR_PATH}/Podfile.lock\" \"${PODS_ROOT}/Manifest.lock\" > /dev/null\nif [ $? != 0 ] ; then\n    # print error to STDERR\n    echo \"error: The sandbox is not in sync with the Podfile.lock. Run 'pod install' or update your CocoaPods installation.\" >&2\n    exit 1\nfi\n# This output is used by Xcode 'outputs' to avoid re-running this script phase.\necho \"SUCCESS\" > \"${SCRIPT_OUTPUT_FILE_0}\"\n";
			showEnvVarsInLog = 0;
		};
/* End PBXShellScriptBuildPhase section */

/* Begin PBXSourcesBuildPhase section */
		55BFCA79204471CB00A9C0B0 /* Sources */ = {
			isa = PBXSourcesBuildPhase;
			buildActionMask = 2147483647;
			files = (
				5534258920448E2F002FACCC /* UIApplication++.swift in Sources */,
				5534259120449665002FACCC /* SignupViewController.swift in Sources */,
				5534258420448144002FACCC /* LoginViewController.swift in Sources */,
				5592DE7C20460B1700EB1426 /* NewRecordViewController.swift in Sources */,
				5592DE8120461F2300EB1426 /* HealthRecord.swift in Sources */,
				55BFCA89204471CB00A9C0B0 /* My_EHR.xcdatamodeld in Sources */,
				5534258C20448EAA002FACCC /* UIViewController++.swift in Sources */,
				553425972045BCC4002FACCC /* MainScreenViewController.swift in Sources */,
				55BFCA81204471CB00A9C0B0 /* AppDelegate.swift in Sources */,
				5534258F20449476002FACCC /* CustomActivityIndicator.swift in Sources */,
			);
			runOnlyForDeploymentPostprocessing = 0;
		};
		55BFCA90204471CB00A9C0B0 /* Sources */ = {
			isa = PBXSourcesBuildPhase;
			buildActionMask = 2147483647;
			files = (
				55BFCA99204471CB00A9C0B0 /* My_EHRTests.swift in Sources */,
			);
			runOnlyForDeploymentPostprocessing = 0;
		};
		55BFCA9B204471CB00A9C0B0 /* Sources */ = {
			isa = PBXSourcesBuildPhase;
			buildActionMask = 2147483647;
			files = (
				55BFCAA4204471CB00A9C0B0 /* My_EHRUITests.swift in Sources */,
			);
			runOnlyForDeploymentPostprocessing = 0;
		};
/* End PBXSourcesBuildPhase section */

/* Begin PBXTargetDependency section */
		55BFCA96204471CB00A9C0B0 /* PBXTargetDependency */ = {
			isa = PBXTargetDependency;
			target = 55BFCA7C204471CB00A9C0B0 /* My EHR */;
			targetProxy = 55BFCA95204471CB00A9C0B0 /* PBXContainerItemProxy */;
		};
		55BFCAA1204471CB00A9C0B0 /* PBXTargetDependency */ = {
			isa = PBXTargetDependency;
			target = 55BFCA7C204471CB00A9C0B0 /* My EHR */;
			targetProxy = 55BFCAA0204471CB00A9C0B0 /* PBXContainerItemProxy */;
		};
/* End PBXTargetDependency section */

/* Begin PBXVariantGroup section */
		55BFCA8C204471CB00A9C0B0 /* LaunchScreen.storyboard */ = {
			isa = PBXVariantGroup;
			children = (
				55BFCA8D204471CB00A9C0B0 /* Base */,
			);
			name = LaunchScreen.storyboard;
			sourceTree = "<group>";
		};
/* End PBXVariantGroup section */

/* Begin XCBuildConfiguration section */
		55BFCAA6204471CB00A9C0B0 /* Debug */ = {
			isa = XCBuildConfiguration;
			buildSettings = {
				ALWAYS_SEARCH_USER_PATHS = NO;
				CLANG_ANALYZER_NONNULL = YES;
				CLANG_ANALYZER_NUMBER_OBJECT_CONVERSION = YES_AGGRESSIVE;
				CLANG_CXX_LANGUAGE_STANDARD = "gnu++14";
				CLANG_CXX_LIBRARY = "libc++";
				CLANG_ENABLE_MODULES = YES;
				CLANG_ENABLE_OBJC_ARC = YES;
				CLANG_WARN_BLOCK_CAPTURE_AUTORELEASING = YES;
				CLANG_WARN_BOOL_CONVERSION = YES;
				CLANG_WARN_COMMA = YES;
				CLANG_WARN_CONSTANT_CONVERSION = YES;
				CLANG_WARN_DIRECT_OBJC_ISA_USAGE = YES_ERROR;
				CLANG_WARN_DOCUMENTATION_COMMENTS = YES;
				CLANG_WARN_EMPTY_BODY = YES;
				CLANG_WARN_ENUM_CONVERSION = YES;
				CLANG_WARN_INFINITE_RECURSION = YES;
				CLANG_WARN_INT_CONVERSION = YES;
				CLANG_WARN_NON_LITERAL_NULL_CONVERSION = YES;
				CLANG_WARN_OBJC_LITERAL_CONVERSION = YES;
				CLANG_WARN_OBJC_ROOT_CLASS = YES_ERROR;
				CLANG_WARN_RANGE_LOOP_ANALYSIS = YES;
				CLANG_WARN_STRICT_PROTOTYPES = YES;
				CLANG_WARN_SUSPICIOUS_MOVE = YES;
				CLANG_WARN_UNGUARDED_AVAILABILITY = YES_AGGRESSIVE;
				CLANG_WARN_UNREACHABLE_CODE = YES;
				CLANG_WARN__DUPLICATE_METHOD_MATCH = YES;
				CODE_SIGN_IDENTITY = "iPhone Developer";
				COPY_PHASE_STRIP = NO;
				DEBUG_INFORMATION_FORMAT = dwarf;
				ENABLE_STRICT_OBJC_MSGSEND = YES;
				ENABLE_TESTABILITY = YES;
				GCC_C_LANGUAGE_STANDARD = gnu11;
				GCC_DYNAMIC_NO_PIC = NO;
				GCC_NO_COMMON_BLOCKS = YES;
				GCC_OPTIMIZATION_LEVEL = 0;
				GCC_PREPROCESSOR_DEFINITIONS = (
					"DEBUG=1",
					"$(inherited)",
				);
				GCC_WARN_64_TO_32_BIT_CONVERSION = YES;
				GCC_WARN_ABOUT_RETURN_TYPE = YES_ERROR;
				GCC_WARN_UNDECLARED_SELECTOR = YES;
				GCC_WARN_UNINITIALIZED_AUTOS = YES_AGGRESSIVE;
				GCC_WARN_UNUSED_FUNCTION = YES;
				GCC_WARN_UNUSED_VARIABLE = YES;
				IPHONEOS_DEPLOYMENT_TARGET = 11.2;
				MTL_ENABLE_DEBUG_INFO = YES;
				ONLY_ACTIVE_ARCH = YES;
				SDKROOT = iphoneos;
				SWIFT_ACTIVE_COMPILATION_CONDITIONS = DEBUG;
				SWIFT_OPTIMIZATION_LEVEL = "-Onone";
			};
			name = Debug;
		};
		55BFCAA7204471CB00A9C0B0 /* Release */ = {
			isa = XCBuildConfiguration;
			buildSettings = {
				ALWAYS_SEARCH_USER_PATHS = NO;
				CLANG_ANALYZER_NONNULL = YES;
				CLANG_ANALYZER_NUMBER_OBJECT_CONVERSION = YES_AGGRESSIVE;
				CLANG_CXX_LANGUAGE_STANDARD = "gnu++14";
				CLANG_CXX_LIBRARY = "libc++";
				CLANG_ENABLE_MODULES = YES;
				CLANG_ENABLE_OBJC_ARC = YES;
				CLANG_WARN_BLOCK_CAPTURE_AUTORELEASING = YES;
				CLANG_WARN_BOOL_CONVERSION = YES;
				CLANG_WARN_COMMA = YES;
				CLANG_WARN_CONSTANT_CONVERSION = YES;
				CLANG_WARN_DIRECT_OBJC_ISA_USAGE = YES_ERROR;
				CLANG_WARN_DOCUMENTATION_COMMENTS = YES;
				CLANG_WARN_EMPTY_BODY = YES;
				CLANG_WARN_ENUM_CONVERSION = YES;
				CLANG_WARN_INFINITE_RECURSION = YES;
				CLANG_WARN_INT_CONVERSION = YES;
				CLANG_WARN_NON_LITERAL_NULL_CONVERSION = YES;
				CLANG_WARN_OBJC_LITERAL_CONVERSION = YES;
				CLANG_WARN_OBJC_ROOT_CLASS = YES_ERROR;
				CLANG_WARN_RANGE_LOOP_ANALYSIS = YES;
				CLANG_WARN_STRICT_PROTOTYPES = YES;
				CLANG_WARN_SUSPICIOUS_MOVE = YES;
				CLANG_WARN_UNGUARDED_AVAILABILITY = YES_AGGRESSIVE;
				CLANG_WARN_UNREACHABLE_CODE = YES;
				CLANG_WARN__DUPLICATE_METHOD_MATCH = YES;
				CODE_SIGN_IDENTITY = "iPhone Developer";
				COPY_PHASE_STRIP = NO;
				DEBUG_INFORMATION_FORMAT = "dwarf-with-dsym";
				ENABLE_NS_ASSERTIONS = NO;
				ENABLE_STRICT_OBJC_MSGSEND = YES;
				GCC_C_LANGUAGE_STANDARD = gnu11;
				GCC_NO_COMMON_BLOCKS = YES;
				GCC_WARN_64_TO_32_BIT_CONVERSION = YES;
				GCC_WARN_ABOUT_RETURN_TYPE = YES_ERROR;
				GCC_WARN_UNDECLARED_SELECTOR = YES;
				GCC_WARN_UNINITIALIZED_AUTOS = YES_AGGRESSIVE;
				GCC_WARN_UNUSED_FUNCTION = YES;
				GCC_WARN_UNUSED_VARIABLE = YES;
				IPHONEOS_DEPLOYMENT_TARGET = 11.2;
				MTL_ENABLE_DEBUG_INFO = NO;
				SDKROOT = iphoneos;
				SWIFT_OPTIMIZATION_LEVEL = "-Owholemodule";
				VALIDATE_PRODUCT = YES;
			};
			name = Release;
		};
		55BFCAA9204471CB00A9C0B0 /* Debug */ = {
			isa = XCBuildConfiguration;
			baseConfigurationReference = E7268EE9503347237328617A /* Pods-My EHR.debug.xcconfig */;
			buildSettings = {
				ASSETCATALOG_COMPILER_APPICON_NAME = AppIcon;
				CODE_SIGN_STYLE = Automatic;
				DEVELOPMENT_TEAM = D3D7B5BPEZ;
				INFOPLIST_FILE = "My EHR/Info.plist";
				LD_RUNPATH_SEARCH_PATHS = "$(inherited) @executable_path/Frameworks";
				PRODUCT_BUNDLE_IDENTIFIER = "com.HighTreeDevelopment.My-EHR";
				PRODUCT_NAME = "$(TARGET_NAME)";
				SWIFT_VERSION = 4.0;
				TARGETED_DEVICE_FAMILY = "1,2";
			};
			name = Debug;
		};
		55BFCAAA204471CB00A9C0B0 /* Release */ = {
			isa = XCBuildConfiguration;
			baseConfigurationReference = 9809E5E630EFDD33AB2BCFE8 /* Pods-My EHR.release.xcconfig */;
			buildSettings = {
				ASSETCATALOG_COMPILER_APPICON_NAME = AppIcon;
				CODE_SIGN_STYLE = Automatic;
				DEVELOPMENT_TEAM = D3D7B5BPEZ;
				INFOPLIST_FILE = "My EHR/Info.plist";
				LD_RUNPATH_SEARCH_PATHS = "$(inherited) @executable_path/Frameworks";
				PRODUCT_BUNDLE_IDENTIFIER = "com.HighTreeDevelopment.My-EHR";
				PRODUCT_NAME = "$(TARGET_NAME)";
				SWIFT_VERSION = 4.0;
				TARGETED_DEVICE_FAMILY = "1,2";
			};
			name = Release;
		};
		55BFCAAC204471CB00A9C0B0 /* Debug */ = {
			isa = XCBuildConfiguration;
			baseConfigurationReference = 0B9E49E09BBCF40060E0CEF6 /* Pods-My EHR-My EHRTests.debug.xcconfig */;
			buildSettings = {
				ALWAYS_EMBED_SWIFT_STANDARD_LIBRARIES = YES;
				BUNDLE_LOADER = "$(TEST_HOST)";
				CODE_SIGN_STYLE = Automatic;
				DEVELOPMENT_TEAM = D3D7B5BPEZ;
				INFOPLIST_FILE = "My EHRTests/Info.plist";
				LD_RUNPATH_SEARCH_PATHS = "$(inherited) @executable_path/Frameworks @loader_path/Frameworks";
				PRODUCT_BUNDLE_IDENTIFIER = "com.HighTreeDevelopment.My-EHRTests";
				PRODUCT_NAME = "$(TARGET_NAME)";
				SWIFT_VERSION = 4.0;
				TARGETED_DEVICE_FAMILY = "1,2";
				TEST_HOST = "$(BUILT_PRODUCTS_DIR)/My EHR.app/My EHR";
			};
			name = Debug;
		};
		55BFCAAD204471CB00A9C0B0 /* Release */ = {
			isa = XCBuildConfiguration;
			baseConfigurationReference = BE9AB5E87B17244418E34F02 /* Pods-My EHR-My EHRTests.release.xcconfig */;
			buildSettings = {
				ALWAYS_EMBED_SWIFT_STANDARD_LIBRARIES = YES;
				BUNDLE_LOADER = "$(TEST_HOST)";
				CODE_SIGN_STYLE = Automatic;
				DEVELOPMENT_TEAM = D3D7B5BPEZ;
				INFOPLIST_FILE = "My EHRTests/Info.plist";
				LD_RUNPATH_SEARCH_PATHS = "$(inherited) @executable_path/Frameworks @loader_path/Frameworks";
				PRODUCT_BUNDLE_IDENTIFIER = "com.HighTreeDevelopment.My-EHRTests";
				PRODUCT_NAME = "$(TARGET_NAME)";
				SWIFT_VERSION = 4.0;
				TARGETED_DEVICE_FAMILY = "1,2";
				TEST_HOST = "$(BUILT_PRODUCTS_DIR)/My EHR.app/My EHR";
			};
			name = Release;
		};
		55BFCAAF204471CB00A9C0B0 /* Debug */ = {
			isa = XCBuildConfiguration;
			baseConfigurationReference = 0ADAB3B7D05BA5911A912DAF /* Pods-My EHR-My EHRUITests.debug.xcconfig */;
			buildSettings = {
				ALWAYS_EMBED_SWIFT_STANDARD_LIBRARIES = YES;
				CODE_SIGN_STYLE = Automatic;
				DEVELOPMENT_TEAM = D3D7B5BPEZ;
				INFOPLIST_FILE = "My EHRUITests/Info.plist";
				LD_RUNPATH_SEARCH_PATHS = "$(inherited) @executable_path/Frameworks @loader_path/Frameworks";
				PRODUCT_BUNDLE_IDENTIFIER = "com.HighTreeDevelopment.My-EHRUITests";
				PRODUCT_NAME = "$(TARGET_NAME)";
				SWIFT_VERSION = 4.0;
				TARGETED_DEVICE_FAMILY = "1,2";
				TEST_TARGET_NAME = "My EHR";
			};
			name = Debug;
		};
		55BFCAB0204471CB00A9C0B0 /* Release */ = {
			isa = XCBuildConfiguration;
			baseConfigurationReference = 48FD4EFBB219D18BC83D311E /* Pods-My EHR-My EHRUITests.release.xcconfig */;
			buildSettings = {
				ALWAYS_EMBED_SWIFT_STANDARD_LIBRARIES = YES;
				CODE_SIGN_STYLE = Automatic;
				DEVELOPMENT_TEAM = D3D7B5BPEZ;
				INFOPLIST_FILE = "My EHRUITests/Info.plist";
				LD_RUNPATH_SEARCH_PATHS = "$(inherited) @executable_path/Frameworks @loader_path/Frameworks";
				PRODUCT_BUNDLE_IDENTIFIER = "com.HighTreeDevelopment.My-EHRUITests";
				PRODUCT_NAME = "$(TARGET_NAME)";
				SWIFT_VERSION = 4.0;
				TARGETED_DEVICE_FAMILY = "1,2";
				TEST_TARGET_NAME = "My EHR";
			};
			name = Release;
		};
/* End XCBuildConfiguration section */

/* Begin XCConfigurationList section */
		55BFCA78204471CB00A9C0B0 /* Build configuration list for PBXProject "My EHR" */ = {
			isa = XCConfigurationList;
			buildConfigurations = (
				55BFCAA6204471CB00A9C0B0 /* Debug */,
				55BFCAA7204471CB00A9C0B0 /* Release */,
			);
			defaultConfigurationIsVisible = 0;
			defaultConfigurationName = Release;
		};
		55BFCAA8204471CB00A9C0B0 /* Build configuration list for PBXNativeTarget "My EHR" */ = {
			isa = XCConfigurationList;
			buildConfigurations = (
				55BFCAA9204471CB00A9C0B0 /* Debug */,
				55BFCAAA204471CB00A9C0B0 /* Release */,
			);
			defaultConfigurationIsVisible = 0;
			defaultConfigurationName = Release;
		};
		55BFCAAB204471CB00A9C0B0 /* Build configuration list for PBXNativeTarget "My EHRTests" */ = {
			isa = XCConfigurationList;
			buildConfigurations = (
				55BFCAAC204471CB00A9C0B0 /* Debug */,
				55BFCAAD204471CB00A9C0B0 /* Release */,
			);
			defaultConfigurationIsVisible = 0;
			defaultConfigurationName = Release;
		};
		55BFCAAE204471CB00A9C0B0 /* Build configuration list for PBXNativeTarget "My EHRUITests" */ = {
			isa = XCConfigurationList;
			buildConfigurations = (
				55BFCAAF204471CB00A9C0B0 /* Debug */,
				55BFCAB0204471CB00A9C0B0 /* Release */,
			);
			defaultConfigurationIsVisible = 0;
			defaultConfigurationName = Release;
		};
/* End XCConfigurationList section */

/* Begin XCVersionGroup section */
		55BFCA87204471CB00A9C0B0 /* My_EHR.xcdatamodeld */ = {
			isa = XCVersionGroup;
			children = (
				55BFCA88204471CB00A9C0B0 /* My_EHR.xcdatamodel */,
			);
			currentVersion = 55BFCA88204471CB00A9C0B0 /* My_EHR.xcdatamodel */;
			path = My_EHR.xcdatamodeld;
			sourceTree = "<group>";
			versionGroupType = wrapper.xcdatamodel;
		};
/* End XCVersionGroup section */
	};
	rootObject = 55BFCA75204471CB00A9C0B0 /* Project object */;
}
